// !$*UTF8*$!
{
	archiveVersion = 1;
	classes = {
	};
	objectVersion = 56;
	objects = {

/* Begin PBXBuildFile section */
		3587C2EE297B290500A63DCA /* ScreenShot.PNG in Resources */ = {isa = PBXBuildFile; fileRef = 3587C2ED297B290500A63DCA /* ScreenShot.PNG */; };
		358DC1C328EF304000CB03A9 /* DetiailView.swift in Sources */ = {isa = PBXBuildFile; fileRef = 358DC1C228EF304000CB03A9 /* DetiailView.swift */; };
		35AA0AB028E9CE7B00C4AA6B /* WWDCApp.swift in Sources */ = {isa = PBXBuildFile; fileRef = 35AA0AAF28E9CE7B00C4AA6B /* WWDCApp.swift */; };
		35AA0AB228E9CE7B00C4AA6B /* ContentView.swift in Sources */ = {isa = PBXBuildFile; fileRef = 35AA0AB128E9CE7B00C4AA6B /* ContentView.swift */; };
		35AA0AB428E9CE7C00C4AA6B /* Assets.xcassets in Resources */ = {isa = PBXBuildFile; fileRef = 35AA0AB328E9CE7C00C4AA6B /* Assets.xcassets */; };
		35AA0AB728E9CE7C00C4AA6B /* Preview Assets.xcassets in Resources */ = {isa = PBXBuildFile; fileRef = 35AA0AB628E9CE7C00C4AA6B /* Preview Assets.xcassets */; };
		35AA0ABF28E9CE8100C4AA6B /* WWDC.xcdatamodeld in Sources */ = {isa = PBXBuildFile; fileRef = 35AA0ABD28E9CE8100C4AA6B /* WWDC.xcdatamodeld */; };
		35AA0AC128E9CED200C4AA6B /* DataController.swift in Sources */ = {isa = PBXBuildFile; fileRef = 35AA0AC028E9CED200C4AA6B /* DataController.swift */; };
		35AA0AC328E9CEF900C4AA6B /* WebView.swift in Sources */ = {isa = PBXBuildFile; fileRef = 35AA0AC228E9CEF900C4AA6B /* WebView.swift */; };
		35AA0AC528E9CFA400C4AA6B /* WWDCSource.txt in Resources */ = {isa = PBXBuildFile; fileRef = 35AA0AC428E9CFA400C4AA6B /* WWDCSource.txt */; };
		35AA0AC728E9D01900C4AA6B /* SourceAnalyze.swift in Sources */ = {isa = PBXBuildFile; fileRef = 35AA0AC628E9D01900C4AA6B /* SourceAnalyze.swift */; };
		35B6AEA829F9BC2E0053693E /* AppSettingsView.swift in Sources */ = {isa = PBXBuildFile; fileRef = 35B6AEA729F9BC2E0053693E /* AppSettingsView.swift */; };
/* End PBXBuildFile section */

/* Begin PBXFileReference section */
		353A7D5528EA0D0E0009BC7A /* README.md */ = {isa = PBXFileReference; lastKnownFileType = net.daringfireball.markdown; path = README.md; sourceTree = "<group>"; xcLanguageSpecificationIdentifier = xcode.lang.markdown; };
		3587C2ED297B290500A63DCA /* ScreenShot.PNG */ = {isa = PBXFileReference; lastKnownFileType = image.png; path = ScreenShot.PNG; sourceTree = "<group>"; };
		358DC1C228EF304000CB03A9 /* DetiailView.swift */ = {isa = PBXFileReference; lastKnownFileType = sourcecode.swift; path = DetiailView.swift; sourceTree = "<group>"; };
		359956D3290ECC6D0050A9D3 /* WWDC.entitlements */ = {isa = PBXFileReference; lastKnownFileType = text.plist.entitlements; path = WWDC.entitlements; sourceTree = "<group>"; };
		359B2D582A5DA9E800C17DF8 /* TBD.md */ = {isa = PBXFileReference; lastKnownFileType = net.daringfireball.markdown; path = TBD.md; sourceTree = "<group>"; };
		35AA0AAC28E9CE7B00C4AA6B /* WWDC.app */ = {isa = PBXFileReference; explicitFileType = wrapper.application; includeInIndex = 0; path = WWDC.app; sourceTree = BUILT_PRODUCTS_DIR; };
		35AA0AAF28E9CE7B00C4AA6B /* WWDCApp.swift */ = {isa = PBXFileReference; lastKnownFileType = sourcecode.swift; path = WWDCApp.swift; sourceTree = "<group>"; };
		35AA0AB128E9CE7B00C4AA6B /* ContentView.swift */ = {isa = PBXFileReference; lastKnownFileType = sourcecode.swift; path = ContentView.swift; sourceTree = "<group>"; };
		35AA0AB328E9CE7C00C4AA6B /* Assets.xcassets */ = {isa = PBXFileReference; lastKnownFileType = folder.assetcatalog; path = Assets.xcassets; sourceTree = "<group>"; };
		35AA0AB628E9CE7C00C4AA6B /* Preview Assets.xcassets */ = {isa = PBXFileReference; lastKnownFileType = folder.assetcatalog; path = "Preview Assets.xcassets"; sourceTree = "<group>"; };
		35AA0ABE28E9CE8100C4AA6B /* WWDC.xcdatamodel */ = {isa = PBXFileReference; lastKnownFileType = wrapper.xcdatamodel; path = WWDC.xcdatamodel; sourceTree = "<group>"; };
		35AA0AC028E9CED200C4AA6B /* DataController.swift */ = {isa = PBXFileReference; lastKnownFileType = sourcecode.swift; path = DataController.swift; sourceTree = "<group>"; };
		35AA0AC228E9CEF900C4AA6B /* WebView.swift */ = {isa = PBXFileReference; lastKnownFileType = sourcecode.swift; path = WebView.swift; sourceTree = "<group>"; };
		35AA0AC428E9CFA400C4AA6B /* WWDCSource.txt */ = {isa = PBXFileReference; lastKnownFileType = text; path = WWDCSource.txt; sourceTree = "<group>"; };
		35AA0AC628E9D01900C4AA6B /* SourceAnalyze.swift */ = {isa = PBXFileReference; lastKnownFileType = sourcecode.swift; path = SourceAnalyze.swift; sourceTree = "<group>"; };
		35B6AEA729F9BC2E0053693E /* AppSettingsView.swift */ = {isa = PBXFileReference; lastKnownFileType = sourcecode.swift; path = AppSettingsView.swift; sourceTree = "<group>"; };
/* End PBXFileReference section */

/* Begin PBXFrameworksBuildPhase section */
		35AA0AA928E9CE7B00C4AA6B /* Frameworks */ = {
			isa = PBXFrameworksBuildPhase;
			buildActionMask = 2147483647;
			files = (
			);
			runOnlyForDeploymentPostprocessing = 0;
		};
/* End PBXFrameworksBuildPhase section */

/* Begin PBXGroup section */
		3587C2EC297B28D500A63DCA /* Resource */ = {
			isa = PBXGroup;
			children = (
				3587C2ED297B290500A63DCA /* ScreenShot.PNG */,
			);
			path = Resource;
			sourceTree = "<group>";
		};
		35AA0AA328E9CE7B00C4AA6B = {
			isa = PBXGroup;
			children = (
				353A7D5528EA0D0E0009BC7A /* README.md */,
				35AA0AAE28E9CE7B00C4AA6B /* WWDC */,
				3587C2EC297B28D500A63DCA /* Resource */,
				35AA0AAD28E9CE7B00C4AA6B /* Products */,
			);
			sourceTree = "<group>";
		};
		35AA0AAD28E9CE7B00C4AA6B /* Products */ = {
			isa = PBXGroup;
			children = (
				35AA0AAC28E9CE7B00C4AA6B /* WWDC.app */,
			);
			name = Products;
			sourceTree = "<group>";
		};
		35AA0AAE28E9CE7B00C4AA6B /* WWDC */ = {
			isa = PBXGroup;
			children = (
				359B2D582A5DA9E800C17DF8 /* TBD.md */,
				359956D3290ECC6D0050A9D3 /* WWDC.entitlements */,
				35AA0AAF28E9CE7B00C4AA6B /* WWDCApp.swift */,
				35AA0AB128E9CE7B00C4AA6B /* ContentView.swift */,
				358DC1C228EF304000CB03A9 /* DetiailView.swift */,
				35AA0AC628E9D01900C4AA6B /* SourceAnalyze.swift */,
				35AA0AC228E9CEF900C4AA6B /* WebView.swift */,

				35B6AEA729F9BC2E0053693E /* AppSettingsView.swift */,

				35AA0AC028E9CED200C4AA6B /* DataController.swift */,
				35AA0ABD28E9CE8100C4AA6B /* WWDC.xcdatamodeld */,
				35AA0AC428E9CFA400C4AA6B /* WWDCSource.txt */,
				35AA0AB328E9CE7C00C4AA6B /* Assets.xcassets */,
				35AA0AB528E9CE7C00C4AA6B /* Preview Content */,
			);
			path = WWDC;
			sourceTree = "<group>";
		};
		35AA0AB528E9CE7C00C4AA6B /* Preview Content */ = {
			isa = PBXGroup;
			children = (
				35AA0AB628E9CE7C00C4AA6B /* Preview Assets.xcassets */,
			);
			path = "Preview Content";
			sourceTree = "<group>";
		};
/* End PBXGroup section */

/* Begin PBXNativeTarget section */
		35AA0AAB28E9CE7B00C4AA6B /* WWDC */ = {
			isa = PBXNativeTarget;
			buildConfigurationList = 35AA0ABA28E9CE7C00C4AA6B /* Build configuration list for PBXNativeTarget "WWDC" */;
			buildPhases = (
				35AA0AA828E9CE7B00C4AA6B /* Sources */,
				35AA0AA928E9CE7B00C4AA6B /* Frameworks */,
				35AA0AAA28E9CE7B00C4AA6B /* Resources */,
			);
			buildRules = (
			);
			dependencies = (
			);
			name = WWDC;
			productName = WWDC;
			productReference = 35AA0AAC28E9CE7B00C4AA6B /* WWDC.app */;
			productType = "com.apple.product-type.application";
		};
/* End PBXNativeTarget section */

/* Begin PBXProject section */
		35AA0AA428E9CE7B00C4AA6B /* Project object */ = {
			isa = PBXProject;
			attributes = {
				BuildIndependentTargetsInParallel = 1;
				LastSwiftUpdateCheck = 1400;
				LastUpgradeCheck = 1400;
				TargetAttributes = {
					35AA0AAB28E9CE7B00C4AA6B = {
						CreatedOnToolsVersion = 14.0.1;
					};
				};
			};
			buildConfigurationList = 35AA0AA728E9CE7B00C4AA6B /* Build configuration list for PBXProject "WWDC" */;
			compatibilityVersion = "Xcode 14.0";
			developmentRegion = en;
			hasScannedForEncodings = 0;
			knownRegions = (
				en,
				Base,
			);
			mainGroup = 35AA0AA328E9CE7B00C4AA6B;
			productRefGroup = 35AA0AAD28E9CE7B00C4AA6B /* Products */;
			projectDirPath = "";
			projectRoot = "";
			targets = (
				35AA0AAB28E9CE7B00C4AA6B /* WWDC */,
			);
		};
/* End PBXProject section */

/* Begin PBXResourcesBuildPhase section */
		35AA0AAA28E9CE7B00C4AA6B /* Resources */ = {
			isa = PBXResourcesBuildPhase;
			buildActionMask = 2147483647;
			files = (
				35AA0AB728E9CE7C00C4AA6B /* Preview Assets.xcassets in Resources */,
				35AA0AB428E9CE7C00C4AA6B /* Assets.xcassets in Resources */,
				35AA0AC528E9CFA400C4AA6B /* WWDCSource.txt in Resources */,
				3587C2EE297B290500A63DCA /* ScreenShot.PNG in Resources */,
			);
			runOnlyForDeploymentPostprocessing = 0;
		};
/* End PBXResourcesBuildPhase section */

/* Begin PBXSourcesBuildPhase section */
		35AA0AA828E9CE7B00C4AA6B /* Sources */ = {
			isa = PBXSourcesBuildPhase;
			buildActionMask = 2147483647;
			files = (
				35AA0AB228E9CE7B00C4AA6B /* ContentView.swift in Sources */,
				35B6AEA829F9BC2E0053693E /* AppSettingsView.swift in Sources */,
				35AA0AC728E9D01900C4AA6B /* SourceAnalyze.swift in Sources */,
				35AA0AC328E9CEF900C4AA6B /* WebView.swift in Sources */,
				35AA0AC128E9CED200C4AA6B /* DataController.swift in Sources */,
				35AA0ABF28E9CE8100C4AA6B /* WWDC.xcdatamodeld in Sources */,
				35AA0AB028E9CE7B00C4AA6B /* WWDCApp.swift in Sources */,
				358DC1C328EF304000CB03A9 /* DetiailView.swift in Sources */,
			);
			runOnlyForDeploymentPostprocessing = 0;
		};
/* End PBXSourcesBuildPhase section */

/* Begin XCBuildConfiguration section */
		35AA0AB828E9CE7C00C4AA6B /* Debug */ = {
			isa = XCBuildConfiguration;
			buildSettings = {
				ALWAYS_SEARCH_USER_PATHS = NO;
				CLANG_ANALYZER_NONNULL = YES;
				CLANG_ANALYZER_NUMBER_OBJECT_CONVERSION = YES_AGGRESSIVE;
				CLANG_CXX_LANGUAGE_STANDARD = "gnu++20";
				CLANG_ENABLE_MODULES = YES;
				CLANG_ENABLE_OBJC_ARC = YES;
				CLANG_ENABLE_OBJC_WEAK = YES;
				CLANG_WARN_BLOCK_CAPTURE_AUTORELEASING = YES;
				CLANG_WARN_BOOL_CONVERSION = YES;
				CLANG_WARN_COMMA = YES;
				CLANG_WARN_CONSTANT_CONVERSION = YES;
				CLANG_WARN_DEPRECATED_OBJC_IMPLEMENTATIONS = YES;
				CLANG_WARN_DIRECT_OBJC_ISA_USAGE = YES_ERROR;
				CLANG_WARN_DOCUMENTATION_COMMENTS = YES;
				CLANG_WARN_EMPTY_BODY = YES;
				CLANG_WARN_ENUM_CONVERSION = YES;
				CLANG_WARN_INFINITE_RECURSION = YES;
				CLANG_WARN_INT_CONVERSION = YES;
				CLANG_WARN_NON_LITERAL_NULL_CONVERSION = YES;
				CLANG_WARN_OBJC_IMPLICIT_RETAIN_SELF = YES;
				CLANG_WARN_OBJC_LITERAL_CONVERSION = YES;
				CLANG_WARN_OBJC_ROOT_CLASS = YES_ERROR;
				CLANG_WARN_QUOTED_INCLUDE_IN_FRAMEWORK_HEADER = YES;
				CLANG_WARN_RANGE_LOOP_ANALYSIS = YES;
				CLANG_WARN_STRICT_PROTOTYPES = YES;
				CLANG_WARN_SUSPICIOUS_MOVE = YES;
				CLANG_WARN_UNGUARDED_AVAILABILITY = YES_AGGRESSIVE;
				CLANG_WARN_UNREACHABLE_CODE = YES;
				CLANG_WARN__DUPLICATE_METHOD_MATCH = YES;
				COPY_PHASE_STRIP = NO;
				DEBUG_INFORMATION_FORMAT = dwarf;
				ENABLE_STRICT_OBJC_MSGSEND = YES;
				ENABLE_TESTABILITY = YES;
				GCC_C_LANGUAGE_STANDARD = gnu11;
				GCC_DYNAMIC_NO_PIC = NO;
				GCC_NO_COMMON_BLOCKS = YES;
				GCC_OPTIMIZATION_LEVEL = 0;
				GCC_PREPROCESSOR_DEFINITIONS = (
					"DEBUG=1",
					"$(inherited)",
				);
				GCC_WARN_64_TO_32_BIT_CONVERSION = YES;
				GCC_WARN_ABOUT_RETURN_TYPE = YES_ERROR;
				GCC_WARN_UNDECLARED_SELECTOR = YES;
				GCC_WARN_UNINITIALIZED_AUTOS = YES_AGGRESSIVE;
				GCC_WARN_UNUSED_FUNCTION = YES;
				GCC_WARN_UNUSED_VARIABLE = YES;
				IPHONEOS_DEPLOYMENT_TARGET = 16.0;
				MTL_ENABLE_DEBUG_INFO = INCLUDE_SOURCE;
				MTL_FAST_MATH = YES;
				ONLY_ACTIVE_ARCH = YES;
				SDKROOT = iphoneos;
				SWIFT_ACTIVE_COMPILATION_CONDITIONS = DEBUG;
				SWIFT_OPTIMIZATION_LEVEL = "-Onone";
			};
			name = Debug;
		};
		35AA0AB928E9CE7C00C4AA6B /* Release */ = {
			isa = XCBuildConfiguration;
			buildSettings = {
				ALWAYS_SEARCH_USER_PATHS = NO;
				CLANG_ANALYZER_NONNULL = YES;
				CLANG_ANALYZER_NUMBER_OBJECT_CONVERSION = YES_AGGRESSIVE;
				CLANG_CXX_LANGUAGE_STANDARD = "gnu++20";
				CLANG_ENABLE_MODULES = YES;
				CLANG_ENABLE_OBJC_ARC = YES;
				CLANG_ENABLE_OBJC_WEAK = YES;
				CLANG_WARN_BLOCK_CAPTURE_AUTORELEASING = YES;
				CLANG_WARN_BOOL_CONVERSION = YES;
				CLANG_WARN_COMMA = YES;
				CLANG_WARN_CONSTANT_CONVERSION = YES;
				CLANG_WARN_DEPRECATED_OBJC_IMPLEMENTATIONS = YES;
				CLANG_WARN_DIRECT_OBJC_ISA_USAGE = YES_ERROR;
				CLANG_WARN_DOCUMENTATION_COMMENTS = YES;
				CLANG_WARN_EMPTY_BODY = YES;
				CLANG_WARN_ENUM_CONVERSION = YES;
				CLANG_WARN_INFINITE_RECURSION = YES;
				CLANG_WARN_INT_CONVERSION = YES;
				CLANG_WARN_NON_LITERAL_NULL_CONVERSION = YES;
				CLANG_WARN_OBJC_IMPLICIT_RETAIN_SELF = YES;
				CLANG_WARN_OBJC_LITERAL_CONVERSION = YES;
				CLANG_WARN_OBJC_ROOT_CLASS = YES_ERROR;
				CLANG_WARN_QUOTED_INCLUDE_IN_FRAMEWORK_HEADER = YES;
				CLANG_WARN_RANGE_LOOP_ANALYSIS = YES;
				CLANG_WARN_STRICT_PROTOTYPES = YES;
				CLANG_WARN_SUSPICIOUS_MOVE = YES;
				CLANG_WARN_UNGUARDED_AVAILABILITY = YES_AGGRESSIVE;
				CLANG_WARN_UNREACHABLE_CODE = YES;
				CLANG_WARN__DUPLICATE_METHOD_MATCH = YES;
				COPY_PHASE_STRIP = NO;
				DEBUG_INFORMATION_FORMAT = "dwarf-with-dsym";
				ENABLE_NS_ASSERTIONS = NO;
				ENABLE_STRICT_OBJC_MSGSEND = YES;
				GCC_C_LANGUAGE_STANDARD = gnu11;
				GCC_NO_COMMON_BLOCKS = YES;
				GCC_WARN_64_TO_32_BIT_CONVERSION = YES;
				GCC_WARN_ABOUT_RETURN_TYPE = YES_ERROR;
				GCC_WARN_UNDECLARED_SELECTOR = YES;
				GCC_WARN_UNINITIALIZED_AUTOS = YES_AGGRESSIVE;
				GCC_WARN_UNUSED_FUNCTION = YES;
				GCC_WARN_UNUSED_VARIABLE = YES;
				IPHONEOS_DEPLOYMENT_TARGET = 16.0;
				MTL_ENABLE_DEBUG_INFO = NO;
				MTL_FAST_MATH = YES;
				SDKROOT = iphoneos;
				SWIFT_COMPILATION_MODE = wholemodule;
				SWIFT_OPTIMIZATION_LEVEL = "-O";
				VALIDATE_PRODUCT = YES;
			};
			name = Release;
		};
		35AA0ABB28E9CE7C00C4AA6B /* Debug */ = {
			isa = XCBuildConfiguration;
			buildSettings = {
				ASSETCATALOG_COMPILER_APPICON_NAME = AppIcon;
				"ASSETCATALOG_COMPILER_APPICON_NAME[sdk=macosx*]" = macIcon;
				ASSETCATALOG_COMPILER_GLOBAL_ACCENT_COLOR_NAME = AccentColor;
				ASSETCATALOG_COMPILER_INCLUDE_ALL_APPICON_ASSETS = NO;
				CODE_SIGN_ENTITLEMENTS = WWDC/WWDC.entitlements;
				CODE_SIGN_STYLE = Automatic;
				CURRENT_PROJECT_VERSION = 1;
				DEVELOPMENT_ASSET_PATHS = "\"WWDC/Preview Content\"";
				DEVELOPMENT_TEAM = PG3TCR4WLB;
				ENABLE_PREVIEWS = YES;
				GENERATE_INFOPLIST_FILE = YES;
				INFOPLIST_KEY_LSApplicationCategoryType = "public.app-category.education";
				INFOPLIST_KEY_UIApplicationSceneManifest_Generation = YES;
				INFOPLIST_KEY_UIApplicationSupportsIndirectInputEvents = YES;
				INFOPLIST_KEY_UILaunchScreen_Generation = YES;
				INFOPLIST_KEY_UISupportedInterfaceOrientations_iPad = "UIInterfaceOrientationPortrait UIInterfaceOrientationPortraitUpsideDown UIInterfaceOrientationLandscapeLeft UIInterfaceOrientationLandscapeRight";
				INFOPLIST_KEY_UISupportedInterfaceOrientations_iPhone = "UIInterfaceOrientationPortrait UIInterfaceOrientationLandscapeLeft UIInterfaceOrientationLandscapeRight";
				IPHONEOS_DEPLOYMENT_TARGET = 16.0;
				LD_RUNPATH_SEARCH_PATHS = (
					"$(inherited)",
					"@executable_path/Frameworks",
				);
				MACOSX_DEPLOYMENT_TARGET = 13.0;
				MARKETING_VERSION = 1.0;
				PRODUCT_BUNDLE_IDENTIFIER = com.example.leon.WWDC;
				PRODUCT_NAME = "$(TARGET_NAME)";
				SUPPORTED_PLATFORMS = "iphoneos iphonesimulator macosx";
				SUPPORTS_MACCATALYST = NO;
				SUPPORTS_MAC_DESIGNED_FOR_IPHONE_IPAD = NO;
				SWIFT_EMIT_LOC_STRINGS = YES;
				SWIFT_VERSION = 5.0;
				TARGETED_DEVICE_FAMILY = "1,2";
			};
			name = Debug;
		};
		35AA0ABC28E9CE7C00C4AA6B /* Release */ = {
			isa = XCBuildConfiguration;
			buildSettings = {
				ASSETCATALOG_COMPILER_APPICON_NAME = AppIcon;
				"ASSETCATALOG_COMPILER_APPICON_NAME[sdk=macosx*]" = macIcon;
				ASSETCATALOG_COMPILER_GLOBAL_ACCENT_COLOR_NAME = AccentColor;
				ASSETCATALOG_COMPILER_INCLUDE_ALL_APPICON_ASSETS = NO;
				CODE_SIGN_ENTITLEMENTS = WWDC/WWDC.entitlements;
				CODE_SIGN_STYLE = Automatic;
				CURRENT_PROJECT_VERSION = 1;
				DEVELOPMENT_ASSET_PATHS = "\"WWDC/Preview Content\"";
				DEVELOPMENT_TEAM = PG3TCR4WLB;
				ENABLE_PREVIEWS = YES;
				GENERATE_INFOPLIST_FILE = YES;
				INFOPLIST_KEY_LSApplicationCategoryType = "public.app-category.education";
				INFOPLIST_KEY_UIApplicationSceneManifest_Generation = YES;
				INFOPLIST_KEY_UIApplicationSupportsIndirectInputEvents = YES;
				INFOPLIST_KEY_UILaunchScreen_Generation = YES;
				INFOPLIST_KEY_UISupportedInterfaceOrientations_iPad = "UIInterfaceOrientationPortrait UIInterfaceOrientationPortraitUpsideDown UIInterfaceOrientationLandscapeLeft UIInterfaceOrientationLandscapeRight";
				INFOPLIST_KEY_UISupportedInterfaceOrientations_iPhone = "UIInterfaceOrientationPortrait UIInterfaceOrientationLandscapeLeft UIInterfaceOrientationLandscapeRight";
				IPHONEOS_DEPLOYMENT_TARGET = 16.0;
				LD_RUNPATH_SEARCH_PATHS = (
					"$(inherited)",
					"@executable_path/Frameworks",
				);
				MACOSX_DEPLOYMENT_TARGET = 13.0;
				MARKETING_VERSION = 1.0;
				PRODUCT_BUNDLE_IDENTIFIER = com.example.leon.WWDC;
				PRODUCT_NAME = "$(TARGET_NAME)";
				SUPPORTED_PLATFORMS = "iphoneos iphonesimulator macosx";
				SUPPORTS_MACCATALYST = NO;
				SUPPORTS_MAC_DESIGNED_FOR_IPHONE_IPAD = NO;
				SWIFT_EMIT_LOC_STRINGS = YES;
				SWIFT_VERSION = 5.0;
				TARGETED_DEVICE_FAMILY = "1,2";
			};
			name = Release;
		};
/* End XCBuildConfiguration section */

/* Begin XCConfigurationList section */
		35AA0AA728E9CE7B00C4AA6B /* Build configuration list for PBXProject "WWDC" */ = {
			isa = XCConfigurationList;
			buildConfigurations = (
				35AA0AB828E9CE7C00C4AA6B /* Debug */,
				35AA0AB928E9CE7C00C4AA6B /* Release */,
			);
			defaultConfigurationIsVisible = 0;
			defaultConfigurationName = Release;
		};
		35AA0ABA28E9CE7C00C4AA6B /* Build configuration list for PBXNativeTarget "WWDC" */ = {
			isa = XCConfigurationList;
			buildConfigurations = (
				35AA0ABB28E9CE7C00C4AA6B /* Debug */,
				35AA0ABC28E9CE7C00C4AA6B /* Release */,
			);
			defaultConfigurationIsVisible = 0;
			defaultConfigurationName = Release;
		};
/* End XCConfigurationList section */

/* Begin XCVersionGroup section */
		35AA0ABD28E9CE8100C4AA6B /* WWDC.xcdatamodeld */ = {
			isa = XCVersionGroup;
			children = (
				35AA0ABE28E9CE8100C4AA6B /* WWDC.xcdatamodel */,
			);
			currentVersion = 35AA0ABE28E9CE8100C4AA6B /* WWDC.xcdatamodel */;
			path = WWDC.xcdatamodeld;
			sourceTree = "<group>";
			versionGroupType = wrapper.xcdatamodel;
		};
/* End XCVersionGroup section */
	};
	rootObject = 35AA0AA428E9CE7B00C4AA6B /* Project object */;
}
